Microsoft Visual Studio Solution File, Format Version 12.00
# Visual Studio Version 17
VisualStudioVersion = 17.5.2.0
MinimumVisualStudioVersion = 10.0.40219.1
Project("{FAE04EC0-301F-11D3-BF4B-00C04F79EFBC}") = "apitester", "apitester.csproj", "{E8549804-1016-6078-D820-9655F1A949DE}"
EndProject
Global
	GlobalSection(SolutionConfigurationPlatforms) = preSolution
		Debug|Any CPU = Debug|Any CPU
		Release|Any CPU = Release|Any CPU
	EndGlobalSection
	GlobalSection(ProjectConfigurationPlatforms) = postSolution
		{E8549804-1016-6078-D820-9655F1A949DE}.Debug|Any CPU.ActiveCfg = Debug|Any CPU
		{E8549804-1016-6078-D820-9655F1A949DE}.Debug|Any CPU.Build.0 = Debug|Any CPU
		{E8549804-1016-6078-D820-9655F1A949DE}.Release|Any CPU.ActiveCfg = Release|Any CPU
		{E8549804-1016-6078-D820-9655F1A949DE}.Release|Any CPU.Build.0 = Release|Any CPU
	EndGlobalSection
	GlobalSection(SolutionProperties) = preSolution
		HideSolutionNode = FALSE
	EndGlobalSection
	GlobalSection(ExtensibilityGlobals) = postSolution
		SolutionGuid = {ED6CE229-9753-4E40-9661-D06AF1B77244}
	EndGlobalSection
EndGlobal
